
Microsoft Visual Studio Solution File, Format Version 12.00
# Visual Studio Version 17
VisualStudioVersion = 17.7.34221.43
MinimumVisualStudioVersion = 10.0.40219.1
Project("{FAE04EC0-301F-11D3-BF4B-00C04F79EFBC}") = "Task7", "Task7.csproj", "{9E121DDE-C214-452D-AC5A-432C3CDF3B4C}"
EndProject
Global
	GlobalSection(SolutionConfigurationPlatforms) = preSolution
		Debug|Any CPU = Debug|Any CPU
		Release|Any CPU = Release|Any CPU
	EndGlobalSection
	GlobalSection(ProjectConfigurationPlatforms) = postSolution
		{9E121DDE-C214-452D-AC5A-432C3CDF3B4C}.Debug|Any CPU.ActiveCfg = Debug|Any CPU
		{9E121DDE-C214-452D-AC5A-432C3CDF3B4C}.Debug|Any CPU.Build.0 = Debug|Any CPU
		{9E121DDE-C214-452D-AC5A-432C3CDF3B4C}.Release|Any CPU.ActiveCfg = Release|Any CPU
		{9E121DDE-C214-452D-AC5A-432C3CDF3B4C}.Release|Any CPU.Build.0 = Release|Any CPU
	EndGlobalSection
	GlobalSection(SolutionProperties) = preSolution
		HideSolutionNode = FALSE
	EndGlobalSection
	GlobalSection(ExtensibilityGlobals) = postSolution
		SolutionGuid = {683D865D-84F3-4F03-9B35-D12F513A935C}
	EndGlobalSection
EndGlobal
